// !$*UTF8*$!
{
	archiveVersion = 1;
	classes = {
	};
	objectVersion = 46;
	objects = {

/* Begin PBXBuildFile section */
		943053F91B66D8BC008D3E2B /* AddToDoItemViewController.m in Sources */ = {isa = PBXBuildFile; fileRef = 943053F81B66D8BC008D3E2B /* AddToDoItemViewController.m */; };
		943053FC1B66DCA5008D3E2B /* ToDoListTableViewController.m in Sources */ = {isa = PBXBuildFile; fileRef = 943053FB1B66DCA5008D3E2B /* ToDoListTableViewController.m */; };
		943053FF1B66E703008D3E2B /* ToDoItem.m in Sources */ = {isa = PBXBuildFile; fileRef = 943053FE1B66E703008D3E2B /* ToDoItem.m */; };
		94D9C5B81A9D414300E6BCEE /* main.m in Sources */ = {isa = PBXBuildFile; fileRef = 94D9C5B71A9D414300E6BCEE /* main.m */; };
		94D9C5BB1A9D414300E6BCEE /* AppDelegate.m in Sources */ = {isa = PBXBuildFile; fileRef = 94D9C5BA1A9D414300E6BCEE /* AppDelegate.m */; };
		94D9C5C11A9D414300E6BCEE /* Main.storyboard in Resources */ = {isa = PBXBuildFile; fileRef = 94D9C5BF1A9D414300E6BCEE /* Main.storyboard */; };
		94D9C5C31A9D414300E6BCEE /* Images.xcassets in Resources */ = {isa = PBXBuildFile; fileRef = 94D9C5C21A9D414300E6BCEE /* Images.xcassets */; };
		94D9C5C61A9D414300E6BCEE /* LaunchScreen.xib in Resources */ = {isa = PBXBuildFile; fileRef = 94D9C5C41A9D414300E6BCEE /* LaunchScreen.xib */; };
		94D9C5D21A9D414300E6BCEE /* ToDoListTests.m in Sources */ = {isa = PBXBuildFile; fileRef = 94D9C5D11A9D414300E6BCEE /* ToDoListTests.m */; };
/* End PBXBuildFile section */

/* Begin PBXContainerItemProxy section */
		94D9C5CC1A9D414300E6BCEE /* PBXContainerItemProxy */ = {
			isa = PBXContainerItemProxy;
			containerPortal = 94D9C5AA1A9D414300E6BCEE /* Project object */;
			proxyType = 1;
			remoteGlobalIDString = 94D9C5B11A9D414300E6BCEE;
			remoteInfo = ToDoList;
		};
/* End PBXContainerItemProxy section */

/* Begin PBXFileReference section */
		943053F71B66D8BC008D3E2B /* AddToDoItemViewController.h */ = {isa = PBXFileReference; fileEncoding = 4; lastKnownFileType = sourcecode.c.h; path = AddToDoItemViewController.h; sourceTree = "<group>"; };
		943053F81B66D8BC008D3E2B /* AddToDoItemViewController.m */ = {isa = PBXFileReference; fileEncoding = 4; lastKnownFileType = sourcecode.c.objc; path = AddToDoItemViewController.m; sourceTree = "<group>"; };
		943053FA1B66DCA5008D3E2B /* ToDoListTableViewController.h */ = {isa = PBXFileReference; fileEncoding = 4; lastKnownFileType = sourcecode.c.h; path = ToDoListTableViewController.h; sourceTree = "<group>"; };
		943053FB1B66DCA5008D3E2B /* ToDoListTableViewController.m */ = {isa = PBXFileReference; fileEncoding = 4; lastKnownFileType = sourcecode.c.objc; path = ToDoListTableViewController.m; sourceTree = "<group>"; };
		943053FD1B66E703008D3E2B /* ToDoItem.h */ = {isa = PBXFileReference; fileEncoding = 4; lastKnownFileType = sourcecode.c.h; path = ToDoItem.h; sourceTree = "<group>"; };
		943053FE1B66E703008D3E2B /* ToDoItem.m */ = {isa = PBXFileReference; fileEncoding = 4; lastKnownFileType = sourcecode.c.objc; path = ToDoItem.m; sourceTree = "<group>"; };
		94D9C5B21A9D414300E6BCEE /* ToDoList.app */ = {isa = PBXFileReference; explicitFileType = wrapper.application; includeInIndex = 0; path = ToDoList.app; sourceTree = BUILT_PRODUCTS_DIR; };
		94D9C5B61A9D414300E6BCEE /* Info.plist */ = {isa = PBXFileReference; lastKnownFileType = text.plist.xml; path = Info.plist; sourceTree = "<group>"; };
		94D9C5B71A9D414300E6BCEE /* main.m */ = {isa = PBXFileReference; lastKnownFileType = sourcecode.c.objc; path = main.m; sourceTree = "<group>"; };
		94D9C5B91A9D414300E6BCEE /* AppDelegate.h */ = {isa = PBXFileReference; lastKnownFileType = sourcecode.c.h; path = AppDelegate.h; sourceTree = "<group>"; };
		94D9C5BA1A9D414300E6BCEE /* AppDelegate.m */ = {isa = PBXFileReference; lastKnownFileType = sourcecode.c.objc; path = AppDelegate.m; sourceTree = "<group>"; };
		94D9C5C01A9D414300E6BCEE /* Base */ = {isa = PBXFileReference; lastKnownFileType = file.storyboard; name = Base; path = Base.lproj/Main.storyboard; sourceTree = "<group>"; };
		94D9C5C21A9D414300E6BCEE /* Images.xcassets */ = {isa = PBXFileReference; lastKnownFileType = folder.assetcatalog; path = Images.xcassets; sourceTree = "<group>"; };
		94D9C5C51A9D414300E6BCEE /* Base */ = {isa = PBXFileReference; lastKnownFileType = file.xib; name = Base; path = Base.lproj/LaunchScreen.xib; sourceTree = "<group>"; };
		94D9C5CB1A9D414300E6BCEE /* ToDoListTests.xctest */ = {isa = PBXFileReference; explicitFileType = wrapper.cfbundle; includeInIndex = 0; path = ToDoListTests.xctest; sourceTree = BUILT_PRODUCTS_DIR; };
		94D9C5D01A9D414300E6BCEE /* Info.plist */ = {isa = PBXFileReference; lastKnownFileType = text.plist.xml; path = Info.plist; sourceTree = "<group>"; };
		94D9C5D11A9D414300E6BCEE /* ToDoListTests.m */ = {isa = PBXFileReference; lastKnownFileType = sourcecode.c.objc; path = ToDoListTests.m; sourceTree = "<group>"; };
/* End PBXFileReference section */

/* Begin PBXFrameworksBuildPhase section */
		94D9C5AF1A9D414300E6BCEE /* Frameworks */ = {
			isa = PBXFrameworksBuildPhase;
			buildActionMask = 2147483647;
			files = (
			);
			runOnlyForDeploymentPostprocessing = 0;
		};
		94D9C5C81A9D414300E6BCEE /* Frameworks */ = {
			isa = PBXFrameworksBuildPhase;
			buildActionMask = 2147483647;
			files = (
			);
			runOnlyForDeploymentPostprocessing = 0;
		};
/* End PBXFrameworksBuildPhase section */

/* Begin PBXGroup section */
		94D9C5A91A9D414300E6BCEE = {
			isa = PBXGroup;
			children = (
				94D9C5B41A9D414300E6BCEE /* ToDoList */,
				94D9C5CE1A9D414300E6BCEE /* ToDoListTests */,
				94D9C5B31A9D414300E6BCEE /* Products */,
			);
			sourceTree = "<group>";
		};
		94D9C5B31A9D414300E6BCEE /* Products */ = {
			isa = PBXGroup;
			children = (
				94D9C5B21A9D414300E6BCEE /* ToDoList.app */,
				94D9C5CB1A9D414300E6BCEE /* ToDoListTests.xctest */,
			);
			name = Products;
			sourceTree = "<group>";
		};
		94D9C5B41A9D414300E6BCEE /* ToDoList */ = {
			isa = PBXGroup;
			children = (
				94D9C5B91A9D414300E6BCEE /* AppDelegate.h */,
				94D9C5BA1A9D414300E6BCEE /* AppDelegate.m */,
				943053F71B66D8BC008D3E2B /* AddToDoItemViewController.h */,
				943053F81B66D8BC008D3E2B /* AddToDoItemViewController.m */,
				94D9C5BF1A9D414300E6BCEE /* Main.storyboard */,
				943053FA1B66DCA5008D3E2B /* ToDoListTableViewController.h */,
				943053FB1B66DCA5008D3E2B /* ToDoListTableViewController.m */,
				943053FD1B66E703008D3E2B /* ToDoItem.h */,
				943053FE1B66E703008D3E2B /* ToDoItem.m */,
				94D9C5C21A9D414300E6BCEE /* Images.xcassets */,
				94D9C5C41A9D414300E6BCEE /* LaunchScreen.xib */,
				94D9C5B51A9D414300E6BCEE /* Supporting Files */,
			);
			path = ToDoList;
			sourceTree = "<group>";
		};
		94D9C5B51A9D414300E6BCEE /* Supporting Files */ = {
			isa = PBXGroup;
			children = (
				94D9C5B61A9D414300E6BCEE /* Info.plist */,
				94D9C5B71A9D414300E6BCEE /* main.m */,
			);
			name = "Supporting Files";
			sourceTree = "<group>";
		};
		94D9C5CE1A9D414300E6BCEE /* ToDoListTests */ = {
			isa = PBXGroup;
			children = (
				94D9C5D11A9D414300E6BCEE /* ToDoListTests.m */,
				94D9C5CF1A9D414300E6BCEE /* Supporting Files */,
			);
			path = ToDoListTests;
			sourceTree = "<group>";
		};
		94D9C5CF1A9D414300E6BCEE /* Supporting Files */ = {
			isa = PBXGroup;
			children = (
				94D9C5D01A9D414300E6BCEE /* Info.plist */,
			);
			name = "Supporting Files";
			sourceTree = "<group>";
		};
/* End PBXGroup section */

/* Begin PBXNativeTarget section */
		94D9C5B11A9D414300E6BCEE /* ToDoList */ = {
			isa = PBXNativeTarget;
			buildConfigurationList = 94D9C5D51A9D414300E6BCEE /* Build configuration list for PBXNativeTarget "ToDoList" */;
			buildPhases = (
				94D9C5AE1A9D414300E6BCEE /* Sources */,
				94D9C5AF1A9D414300E6BCEE /* Frameworks */,
				94D9C5B01A9D414300E6BCEE /* Resources */,
			);
			buildRules = (
			);
			dependencies = (
			);
			name = ToDoList;
			productName = ToDoList;
			productReference = 94D9C5B21A9D414300E6BCEE /* ToDoList.app */;
			productType = "com.apple.product-type.application";
		};
		94D9C5CA1A9D414300E6BCEE /* ToDoListTests */ = {
			isa = PBXNativeTarget;
			buildConfigurationList = 94D9C5D81A9D414300E6BCEE /* Build configuration list for PBXNativeTarget "ToDoListTests" */;
			buildPhases = (
				94D9C5C71A9D414300E6BCEE /* Sources */,
				94D9C5C81A9D414300E6BCEE /* Frameworks */,
				94D9C5C91A9D414300E6BCEE /* Resources */,
			);
			buildRules = (
			);
			dependencies = (
				94D9C5CD1A9D414300E6BCEE /* PBXTargetDependency */,
			);
			name = ToDoListTests;
			productName = ToDoListTests;
			productReference = 94D9C5CB1A9D414300E6BCEE /* ToDoListTests.xctest */;
			productType = "com.apple.product-type.bundle.unit-test";
		};
/* End PBXNativeTarget section */

/* Begin PBXProject section */
		94D9C5AA1A9D414300E6BCEE /* Project object */ = {
			isa = PBXProject;
			attributes = {
				LastUpgradeCheck = 0610;
				ORGANIZATIONNAME = "Maxim Kukhtenkov";
				TargetAttributes = {
					94D9C5B11A9D414300E6BCEE = {
						CreatedOnToolsVersion = 6.1.1;
					};
					94D9C5CA1A9D414300E6BCEE = {
						CreatedOnToolsVersion = 6.1.1;
						TestTargetID = 94D9C5B11A9D414300E6BCEE;
					};
				};
			};
			buildConfigurationList = 94D9C5AD1A9D414300E6BCEE /* Build configuration list for PBXProject "ToDoList" */;
			compatibilityVersion = "Xcode 3.2";
			developmentRegion = English;
			hasScannedForEncodings = 0;
			knownRegions = (
				en,
				Base,
			);
			mainGroup = 94D9C5A91A9D414300E6BCEE;
			productRefGroup = 94D9C5B31A9D414300E6BCEE /* Products */;
			projectDirPath = "";
			projectRoot = "";
			targets = (
				94D9C5B11A9D414300E6BCEE /* ToDoList */,
				94D9C5CA1A9D414300E6BCEE /* ToDoListTests */,
			);
		};
/* End PBXProject section */

/* Begin PBXResourcesBuildPhase section */
		94D9C5B01A9D414300E6BCEE /* Resources */ = {
			isa = PBXResourcesBuildPhase;
			buildActionMask = 2147483647;
			files = (
				94D9C5C11A9D414300E6BCEE /* Main.storyboard in Resources */,
				94D9C5C61A9D414300E6BCEE /* LaunchScreen.xib in Resources */,
				94D9C5C31A9D414300E6BCEE /* Images.xcassets in Resources */,
			);
			runOnlyForDeploymentPostprocessing = 0;
		};
		94D9C5C91A9D414300E6BCEE /* Resources */ = {
			isa = PBXResourcesBuildPhase;
			buildActionMask = 2147483647;
			files = (
			);
			runOnlyForDeploymentPostprocessing = 0;
		};
/* End PBXResourcesBuildPhase section */

/* Begin PBXSourcesBuildPhase section */
		94D9C5AE1A9D414300E6BCEE /* Sources */ = {
			isa = PBXSourcesBuildPhase;
			buildActionMask = 2147483647;
			files = (
				94D9C5BB1A9D414300E6BCEE /* AppDelegate.m in Sources */,
				943053FF1B66E703008D3E2B /* ToDoItem.m in Sources */,
				943053FC1B66DCA5008D3E2B /* ToDoListTableViewController.m in Sources */,
				94D9C5B81A9D414300E6BCEE /* main.m in Sources */,
				943053F91B66D8BC008D3E2B /* AddToDoItemViewController.m in Sources */,
			);
			runOnlyForDeploymentPostprocessing = 0;
		};
		94D9C5C71A9D414300E6BCEE /* Sources */ = {
			isa = PBXSourcesBuildPhase;
			buildActionMask = 2147483647;
			files = (
				94D9C5D21A9D414300E6BCEE /* ToDoListTests.m in Sources */,
			);
			runOnlyForDeploymentPostprocessing = 0;
		};
/* End PBXSourcesBuildPhase section */

/* Begin PBXTargetDependency section */
		94D9C5CD1A9D414300E6BCEE /* PBXTargetDependency */ = {
			isa = PBXTargetDependency;
			target = 94D9C5B11A9D414300E6BCEE /* ToDoList */;
			targetProxy = 94D9C5CC1A9D414300E6BCEE /* PBXContainerItemProxy */;
		};
/* End PBXTargetDependency section */

/* Begin PBXVariantGroup section */
		94D9C5BF1A9D414300E6BCEE /* Main.storyboard */ = {
			isa = PBXVariantGroup;
			children = (
				94D9C5C01A9D414300E6BCEE /* Base */,
			);
			name = Main.storyboard;
			sourceTree = "<group>";
		};
		94D9C5C41A9D414300E6BCEE /* LaunchScreen.xib */ = {
			isa = PBXVariantGroup;
			children = (
				94D9C5C51A9D414300E6BCEE /* Base */,
			);
			name = LaunchScreen.xib;
			sourceTree = "<group>";
		};
/* End PBXVariantGroup section */

/* Begin XCBuildConfiguration section */
		94D9C5D31A9D414300E6BCEE /* Debug */ = {
			isa = XCBuildConfiguration;
			buildSettings = {
				ALWAYS_SEARCH_USER_PATHS = NO;
				CLANG_CXX_LANGUAGE_STANDARD = "gnu++0x";
				CLANG_CXX_LIBRARY = "libc++";
				CLANG_ENABLE_MODULES = YES;
				CLANG_ENABLE_OBJC_ARC = YES;
				CLANG_WARN_BOOL_CONVERSION = YES;
				CLANG_WARN_CONSTANT_CONVERSION = YES;
				CLANG_WARN_DIRECT_OBJC_ISA_USAGE = YES_ERROR;
				CLANG_WARN_EMPTY_BODY = YES;
				CLANG_WARN_ENUM_CONVERSION = YES;
				CLANG_WARN_INT_CONVERSION = YES;
				CLANG_WARN_OBJC_ROOT_CLASS = YES_ERROR;
				CLANG_WARN_UNREACHABLE_CODE = YES;
				CLANG_WARN__DUPLICATE_METHOD_MATCH = YES;
				"CODE_SIGN_IDENTITY[sdk=iphoneos*]" = "iPhone Developer";
				COPY_PHASE_STRIP = NO;
				ENABLE_STRICT_OBJC_MSGSEND = YES;
				GCC_C_LANGUAGE_STANDARD = gnu99;
				GCC_DYNAMIC_NO_PIC = NO;
				GCC_OPTIMIZATION_LEVEL = 0;
				GCC_PREPROCESSOR_DEFINITIONS = (
					"DEBUG=1",
					"$(inherited)",
				);
				GCC_SYMBOLS_PRIVATE_EXTERN = NO;
				GCC_WARN_64_TO_32_BIT_CONVERSION = YES;
				GCC_WARN_ABOUT_RETURN_TYPE = YES_ERROR;
				GCC_WARN_UNDECLARED_SELECTOR = YES;
				GCC_WARN_UNINITIALIZED_AUTOS = YES_AGGRESSIVE;
				GCC_WARN_UNUSED_FUNCTION = YES;
				GCC_WARN_UNUSED_VARIABLE = YES;
				IPHONEOS_DEPLOYMENT_TARGET = 8.1;
				MTL_ENABLE_DEBUG_INFO = YES;
				ONLY_ACTIVE_ARCH = YES;
				SDKROOT = iphoneos;
				TARGETED_DEVICE_FAMILY = "1,2";
			};
			name = Debug;
		};
		94D9C5D41A9D414300E6BCEE /* Release */ = {
			isa = XCBuildConfiguration;
			buildSettings = {
				ALWAYS_SEARCH_USER_PATHS = NO;
				CLANG_CXX_LANGUAGE_STANDARD = "gnu++0x";
				CLANG_CXX_LIBRARY = "libc++";
				CLANG_ENABLE_MODULES = YES;
				CLANG_ENABLE_OBJC_ARC = YES;
				CLANG_WARN_BOOL_CONVERSION = YES;
				CLANG_WARN_CONSTANT_CONVERSION = YES;
				CLANG_WARN_DIRECT_OBJC_ISA_USAGE = YES_ERROR;
				CLANG_WARN_EMPTY_BODY = YES;
				CLANG_WARN_ENUM_CONVERSION = YES;
				CLANG_WARN_INT_CONVERSION = YES;
				CLANG_WARN_OBJC_ROOT_CLASS = YES_ERROR;
				CLANG_WARN_UNREACHABLE_CODE = YES;
				CLANG_WARN__DUPLICATE_METHOD_MATCH = YES;
				"CODE_SIGN_IDENTITY[sdk=iphoneos*]" = "iPhone Developer";
				COPY_PHASE_STRIP = YES;
				ENABLE_NS_ASSERTIONS = NO;
				ENABLE_STRICT_OBJC_MSGSEND = YES;
				GCC_C_LANGUAGE_STANDARD = gnu99;
				GCC_WARN_64_TO_32_BIT_CONVERSION = YES;
				GCC_WARN_ABOUT_RETURN_TYPE = YES_ERROR;
				GCC_WARN_UNDECLARED_SELECTOR = YES;
				GCC_WARN_UNINITIALIZED_AUTOS = YES_AGGRESSIVE;
				GCC_WARN_UNUSED_FUNCTION = YES;
				GCC_WARN_UNUSED_VARIABLE = YES;
				IPHONEOS_DEPLOYMENT_TARGET = 8.1;
				MTL_ENABLE_DEBUG_INFO = NO;
				SDKROOT = iphoneos;
				TARGETED_DEVICE_FAMILY = "1,2";
				VALIDATE_PRODUCT = YES;
			};
			name = Release;
		};
		94D9C5D61A9D414300E6BCEE /* Debug */ = {
			isa = XCBuildConfiguration;
			buildSettings = {
				ASSETCATALOG_COMPILER_APPICON_NAME = AppIcon;
				INFOPLIST_FILE = ToDoList/Info.plist;
				LD_RUNPATH_SEARCH_PATHS = "$(inherited) @executable_path/Frameworks";
				PRODUCT_NAME = "$(TARGET_NAME)";
			};
			name = Debug;
		};
		94D9C5D71A9D414300E6BCEE /* Release */ = {
			isa = XCBuildConfiguration;
			buildSettings = {
				ASSETCATALOG_COMPILER_APPICON_NAME = AppIcon;
				INFOPLIST_FILE = ToDoList/Info.plist;
				LD_RUNPATH_SEARCH_PATHS = "$(inherited) @executable_path/Frameworks";
				PRODUCT_NAME = "$(TARGET_NAME)";
			};
			name = Release;
		};
		94D9C5D91A9D414300E6BCEE /* Debug */ = {
			isa = XCBuildConfiguration;
			buildSettings = {
				BUNDLE_LOADER = "$(TEST_HOST)";
				FRAMEWORK_SEARCH_PATHS = (
					"$(SDKROOT)/Developer/Library/Frameworks",
					"$(inherited)",
				);
				GCC_PREPROCESSOR_DEFINITIONS = (
					"DEBUG=1",
					"$(inherited)",
				);
				INFOPLIST_FILE = ToDoListTests/Info.plist;
				LD_RUNPATH_SEARCH_PATHS = "$(inherited) @executable_path/Frameworks @loader_path/Frameworks";
				PRODUCT_NAME = "$(TARGET_NAME)";
				TEST_HOST = "$(BUILT_PRODUCTS_DIR)/ToDoList.app/ToDoList";
			};
			name = Debug;
		};
		94D9C5DA1A9D414300E6BCEE /* Release */ = {
			isa = XCBuildConfiguration;
			buildSettings = {
				BUNDLE_LOADER = "$(TEST_HOST)";
				FRAMEWORK_SEARCH_PATHS = (
					"$(SDKROOT)/Developer/Library/Frameworks",
					"$(inherited)",
				);
				INFOPLIST_FILE = ToDoListTests/Info.plist;
				LD_RUNPATH_SEARCH_PATHS = "$(inherited) @executable_path/Frameworks @loader_path/Frameworks";
				PRODUCT_NAME = "$(TARGET_NAME)";
				TEST_HOST = "$(BUILT_PRODUCTS_DIR)/ToDoList.app/ToDoList";
			};
			name = Release;
		};
/* End XCBuildConfiguration section */

/* Begin XCConfigurationList section */
		94D9C5AD1A9D414300E6BCEE /* Build configuration list for PBXProject "ToDoList" */ = {
			isa = XCConfigurationList;
			buildConfigurations = (
				94D9C5D31A9D414300E6BCEE /* Debug */,
				94D9C5D41A9D414300E6BCEE /* Release */,
			);
			defaultConfigurationIsVisible = 0;
			defaultConfigurationName = Release;
		};
		94D9C5D51A9D414300E6BCEE /* Build configuration list for PBXNativeTarget "ToDoList" */ = {
			isa = XCConfigurationList;
			buildConfigurations = (
				94D9C5D61A9D414300E6BCEE /* Debug */,
				94D9C5D71A9D414300E6BCEE /* Release */,
			);
			defaultConfigurationIsVisible = 0;
			defaultConfigurationName = Release;
		};
		94D9C5D81A9D414300E6BCEE /* Build configuration list for PBXNativeTarget "ToDoListTests" */ = {
			isa = XCConfigurationList;
			buildConfigurations = (
				94D9C5D91A9D414300E6BCEE /* Debug */,
				94D9C5DA1A9D414300E6BCEE /* Release */,
			);
			defaultConfigurationIsVisible = 0;
			defaultConfigurationName = Release;
		};
/* End XCConfigurationList section */
	};
	rootObject = 94D9C5AA1A9D414300E6BCEE /* Project object */;
}
